
Microsoft Visual Studio Solution File, Format Version 12.00
# Visual Studio Version 16
VisualStudioVersion = 16.0.32413.511
MinimumVisualStudioVersion = 10.0.40219.1
Project("{FAE04EC0-301F-11D3-BF4B-00C04F79EFBC}") = "LearningDiary_IK_0.1", "LearningDiary_IK_0.1.csproj", "{F45FC182-62CC-4290-A51D-09F87591295E}"
EndProject
Global
	GlobalSection(SolutionConfigurationPlatforms) = preSolution
		Debug|Any CPU = Debug|Any CPU
		Release|Any CPU = Release|Any CPU
	EndGlobalSection
	GlobalSection(ProjectConfigurationPlatforms) = postSolution
		{F45FC182-62CC-4290-A51D-09F87591295E}.Debug|Any CPU.ActiveCfg = Debug|Any CPU
		{F45FC182-62CC-4290-A51D-09F87591295E}.Debug|Any CPU.Build.0 = Debug|Any CPU
		{F45FC182-62CC-4290-A51D-09F87591295E}.Release|Any CPU.ActiveCfg = Release|Any CPU
		{F45FC182-62CC-4290-A51D-09F87591295E}.Release|Any CPU.Build.0 = Release|Any CPU
	EndGlobalSection
	GlobalSection(SolutionProperties) = preSolution
		HideSolutionNode = FALSE
	EndGlobalSection
	GlobalSection(ExtensibilityGlobals) = postSolution
		SolutionGuid = {398BDDB5-E687-4917-B859-21CD47125EC9}
	EndGlobalSection
EndGlobal
